// !$*UTF8*$!
{
	archiveVersion = 1;
	classes = {
	};
	objectVersion = 46;
	objects = {

/* Begin PBXBuildFile section */
		F11915091DC3D56F004D49BA /* OptionModel.swift in Sources */ = {isa = PBXBuildFile; fileRef = F11915081DC3D56F004D49BA /* OptionModel.swift */; };
		F1B6B0D41DB40410006D0631 /* AppDelegate.swift in Sources */ = {isa = PBXBuildFile; fileRef = F1B6B0D31DB40410006D0631 /* AppDelegate.swift */; };
		F1B6B0D61DB40410006D0631 /* OptionsController.swift in Sources */ = {isa = PBXBuildFile; fileRef = F1B6B0D51DB40410006D0631 /* OptionsController.swift */; };
		F1B6B0D91DB40410006D0631 /* Main.storyboard in Resources */ = {isa = PBXBuildFile; fileRef = F1B6B0D71DB40410006D0631 /* Main.storyboard */; };
		F1B6B0DB1DB40410006D0631 /* Assets.xcassets in Resources */ = {isa = PBXBuildFile; fileRef = F1B6B0DA1DB40410006D0631 /* Assets.xcassets */; };
		F1B6B0DE1DB40410006D0631 /* LaunchScreen.storyboard in Resources */ = {isa = PBXBuildFile; fileRef = F1B6B0DC1DB40410006D0631 /* LaunchScreen.storyboard */; };
		F1D28FEE1DBA9DC000F142E1 /* MatchGameController.swift in Sources */ = {isa = PBXBuildFile; fileRef = F1D28FED1DBA9DC000F142E1 /* MatchGameController.swift */; };
		F1D28FF41DBC121A00F142E1 /* GameCollectionViewCell.swift in Sources */ = {isa = PBXBuildFile; fileRef = F1D28FF31DBC121A00F142E1 /* GameCollectionViewCell.swift */; };
		F1D28FF61DBD1D8A00F142E1 /* GameModel.swift in Sources */ = {isa = PBXBuildFile; fileRef = F1D28FF51DBD1D8A00F142E1 /* GameModel.swift */; };
/* End PBXBuildFile section */

/* Begin PBXFileReference section */
		F11915081DC3D56F004D49BA /* OptionModel.swift */ = {isa = PBXFileReference; fileEncoding = 4; lastKnownFileType = sourcecode.swift; path = OptionModel.swift; sourceTree = "<group>"; };
		F1B6B0D01DB40410006D0631 /* LessnauKyleAdvancediOSProject2.app */ = {isa = PBXFileReference; explicitFileType = wrapper.application; includeInIndex = 0; path = LessnauKyleAdvancediOSProject2.app; sourceTree = BUILT_PRODUCTS_DIR; };
		F1B6B0D31DB40410006D0631 /* AppDelegate.swift */ = {isa = PBXFileReference; lastKnownFileType = sourcecode.swift; path = AppDelegate.swift; sourceTree = "<group>"; };
		F1B6B0D51DB40410006D0631 /* OptionsController.swift */ = {isa = PBXFileReference; lastKnownFileType = sourcecode.swift; path = OptionsController.swift; sourceTree = "<group>"; };
		F1B6B0D81DB40410006D0631 /* Base */ = {isa = PBXFileReference; lastKnownFileType = file.storyboard; name = Base; path = Base.lproj/Main.storyboard; sourceTree = "<group>"; };
		F1B6B0DA1DB40410006D0631 /* Assets.xcassets */ = {isa = PBXFileReference; lastKnownFileType = folder.assetcatalog; path = Assets.xcassets; sourceTree = "<group>"; };
		F1B6B0DD1DB40410006D0631 /* Base */ = {isa = PBXFileReference; lastKnownFileType = file.storyboard; name = Base; path = Base.lproj/LaunchScreen.storyboard; sourceTree = "<group>"; };
		F1B6B0DF1DB40410006D0631 /* Info.plist */ = {isa = PBXFileReference; lastKnownFileType = text.plist.xml; path = Info.plist; sourceTree = "<group>"; };
		F1D28FED1DBA9DC000F142E1 /* MatchGameController.swift */ = {isa = PBXFileReference; fileEncoding = 4; lastKnownFileType = sourcecode.swift; path = MatchGameController.swift; sourceTree = "<group>"; };
		F1D28FF31DBC121A00F142E1 /* GameCollectionViewCell.swift */ = {isa = PBXFileReference; fileEncoding = 4; lastKnownFileType = sourcecode.swift; path = GameCollectionViewCell.swift; sourceTree = "<group>"; };
		F1D28FF51DBD1D8A00F142E1 /* GameModel.swift */ = {isa = PBXFileReference; fileEncoding = 4; lastKnownFileType = sourcecode.swift; path = GameModel.swift; sourceTree = "<group>"; };
/* End PBXFileReference section */

/* Begin PBXFrameworksBuildPhase section */
		F1B6B0CD1DB40410006D0631 /* Frameworks */ = {
			isa = PBXFrameworksBuildPhase;
			buildActionMask = 2147483647;
			files = (
			);
			runOnlyForDeploymentPostprocessing = 0;
		};
/* End PBXFrameworksBuildPhase section */

/* Begin PBXGroup section */
		F1B6B0C71DB40410006D0631 = {
			isa = PBXGroup;
			children = (
				F1B6B0D21DB40410006D0631 /* LessnauKyleAdvancediOSProject2 */,
				F1B6B0D11DB40410006D0631 /* Products */,
			);
			sourceTree = "<group>";
		};
		F1B6B0D11DB40410006D0631 /* Products */ = {
			isa = PBXGroup;
			children = (
				F1B6B0D01DB40410006D0631 /* LessnauKyleAdvancediOSProject2.app */,
			);
			name = Products;
			sourceTree = "<group>";
		};
		F1B6B0D21DB40410006D0631 /* LessnauKyleAdvancediOSProject2 */ = {
			isa = PBXGroup;
			children = (
				F1B6B0D31DB40410006D0631 /* AppDelegate.swift */,
				F1B6B0D51DB40410006D0631 /* OptionsController.swift */,
				F11915081DC3D56F004D49BA /* OptionModel.swift */,
				F1D28FED1DBA9DC000F142E1 /* MatchGameController.swift */,
				F1D28FF31DBC121A00F142E1 /* GameCollectionViewCell.swift */,
				F1D28FF51DBD1D8A00F142E1 /* GameModel.swift */,
				F1B6B0D71DB40410006D0631 /* Main.storyboard */,
				F1B6B0DA1DB40410006D0631 /* Assets.xcassets */,
				F1B6B0DC1DB40410006D0631 /* LaunchScreen.storyboard */,
				F1B6B0DF1DB40410006D0631 /* Info.plist */,
			);
			path = LessnauKyleAdvancediOSProject2;
			sourceTree = "<group>";
		};
/* End PBXGroup section */

/* Begin PBXNativeTarget section */
		F1B6B0CF1DB40410006D0631 /* LessnauKyleAdvancediOSProject2 */ = {
			isa = PBXNativeTarget;
			buildConfigurationList = F1B6B0E21DB40410006D0631 /* Build configuration list for PBXNativeTarget "LessnauKyleAdvancediOSProject2" */;
			buildPhases = (
				F1B6B0CC1DB40410006D0631 /* Sources */,
				F1B6B0CD1DB40410006D0631 /* Frameworks */,
				F1B6B0CE1DB40410006D0631 /* Resources */,
			);
			buildRules = (
			);
			dependencies = (
			);
			name = LessnauKyleAdvancediOSProject2;
			productName = LessnauKyleAdvancediOSProject2;
			productReference = F1B6B0D01DB40410006D0631 /* LessnauKyleAdvancediOSProject2.app */;
			productType = "com.apple.product-type.application";
		};
/* End PBXNativeTarget section */

/* Begin PBXProject section */
		F1B6B0C81DB40410006D0631 /* Project object */ = {
			isa = PBXProject;
			attributes = {
				LastSwiftUpdateCheck = 0800;
				LastUpgradeCheck = 0800;
				ORGANIZATIONNAME = "Kyle Lessnau";
				TargetAttributes = {
					F1B6B0CF1DB40410006D0631 = {
						CreatedOnToolsVersion = 8.0;
						ProvisioningStyle = Automatic;
					};
				};
			};
			buildConfigurationList = F1B6B0CB1DB40410006D0631 /* Build configuration list for PBXProject "LessnauKyleAdvancediOSProject2" */;
			compatibilityVersion = "Xcode 3.2";
			developmentRegion = English;
			hasScannedForEncodings = 0;
			knownRegions = (
				en,
				Base,
			);
			mainGroup = F1B6B0C71DB40410006D0631;
			productRefGroup = F1B6B0D11DB40410006D0631 /* Products */;
			projectDirPath = "";
			projectRoot = "";
			targets = (
				F1B6B0CF1DB40410006D0631 /* LessnauKyleAdvancediOSProject2 */,
			);
		};
/* End PBXProject section */

/* Begin PBXResourcesBuildPhase section */
		F1B6B0CE1DB40410006D0631 /* Resources */ = {
			isa = PBXResourcesBuildPhase;
			buildActionMask = 2147483647;
			files = (
				F1B6B0DE1DB40410006D0631 /* LaunchScreen.storyboard in Resources */,
				F1B6B0DB1DB40410006D0631 /* Assets.xcassets in Resources */,
				F1B6B0D91DB40410006D0631 /* Main.storyboard in Resources */,
			);
			runOnlyForDeploymentPostprocessing = 0;
		};
/* End PBXResourcesBuildPhase section */

/* Begin PBXSourcesBuildPhase section */
		F1B6B0CC1DB40410006D0631 /* Sources */ = {
			isa = PBXSourcesBuildPhase;
			buildActionMask = 2147483647;
			files = (
				F1D28FF61DBD1D8A00F142E1 /* GameModel.swift in Sources */,
				F1D28FF41DBC121A00F142E1 /* GameCollectionViewCell.swift in Sources */,
				F11915091DC3D56F004D49BA /* OptionModel.swift in Sources */,
				F1B6B0D61DB40410006D0631 /* OptionsController.swift in Sources */,
				F1D28FEE1DBA9DC000F142E1 /* MatchGameController.swift in Sources */,
				F1B6B0D41DB40410006D0631 /* AppDelegate.swift in Sources */,
			);
			runOnlyForDeploymentPostprocessing = 0;
		};
/* End PBXSourcesBuildPhase section */

/* Begin PBXVariantGroup section */
		F1B6B0D71DB40410006D0631 /* Main.storyboard */ = {
			isa = PBXVariantGroup;
			children = (
				F1B6B0D81DB40410006D0631 /* Base */,
			);
			name = Main.storyboard;
			sourceTree = "<group>";
		};
		F1B6B0DC1DB40410006D0631 /* LaunchScreen.storyboard */ = {
			isa = PBXVariantGroup;
			children = (
				F1B6B0DD1DB40410006D0631 /* Base */,
			);
			name = LaunchScreen.storyboard;
			sourceTree = "<group>";
		};
/* End PBXVariantGroup section */

/* Begin XCBuildConfiguration section */
		F1B6B0E01DB40410006D0631 /* Debug */ = {
			isa = XCBuildConfiguration;
			buildSettings = {
				ALWAYS_SEARCH_USER_PATHS = NO;
				CLANG_ANALYZER_NONNULL = YES;
				CLANG_CXX_LANGUAGE_STANDARD = "gnu++0x";
				CLANG_CXX_LIBRARY = "libc++";
				CLANG_ENABLE_MODULES = YES;
				CLANG_ENABLE_OBJC_ARC = YES;
				CLANG_WARN_BOOL_CONVERSION = YES;
				CLANG_WARN_CONSTANT_CONVERSION = YES;
				CLANG_WARN_DIRECT_OBJC_ISA_USAGE = YES_ERROR;
				CLANG_WARN_DOCUMENTATION_COMMENTS = YES;
				CLANG_WARN_EMPTY_BODY = YES;
				CLANG_WARN_ENUM_CONVERSION = YES;
				CLANG_WARN_INFINITE_RECURSION = YES;
				CLANG_WARN_INT_CONVERSION = YES;
				CLANG_WARN_OBJC_ROOT_CLASS = YES_ERROR;
				CLANG_WARN_SUSPICIOUS_MOVES = YES;
				CLANG_WARN_UNREACHABLE_CODE = YES;
				CLANG_WARN__DUPLICATE_METHOD_MATCH = YES;
				"CODE_SIGN_IDENTITY[sdk=iphoneos*]" = "iPhone Developer";
				COPY_PHASE_STRIP = NO;
				DEBUG_INFORMATION_FORMAT = dwarf;
				ENABLE_STRICT_OBJC_MSGSEND = YES;
				ENABLE_TESTABILITY = YES;
				GCC_C_LANGUAGE_STANDARD = gnu99;
				GCC_DYNAMIC_NO_PIC = NO;
				GCC_NO_COMMON_BLOCKS = YES;
				GCC_OPTIMIZATION_LEVEL = 0;
				GCC_PREPROCESSOR_DEFINITIONS = (
					"DEBUG=1",
					"$(inherited)",
				);
				GCC_WARN_64_TO_32_BIT_CONVERSION = YES;
				GCC_WARN_ABOUT_RETURN_TYPE = YES_ERROR;
				GCC_WARN_UNDECLARED_SELECTOR = YES;
				GCC_WARN_UNINITIALIZED_AUTOS = YES_AGGRESSIVE;
				GCC_WARN_UNUSED_FUNCTION = YES;
				GCC_WARN_UNUSED_VARIABLE = YES;
				IPHONEOS_DEPLOYMENT_TARGET = 10.0;
				MTL_ENABLE_DEBUG_INFO = YES;
				ONLY_ACTIVE_ARCH = YES;
				SDKROOT = iphoneos;
				SWIFT_ACTIVE_COMPILATION_CONDITIONS = DEBUG;
				SWIFT_OPTIMIZATION_LEVEL = "-Onone";
				TARGETED_DEVICE_FAMILY = "1,2";
			};
			name = Debug;
		};
		F1B6B0E11DB40410006D0631 /* Release */ = {
			isa = XCBuildConfiguration;
			buildSettings = {
				ALWAYS_SEARCH_USER_PATHS = NO;
				CLANG_ANALYZER_NONNULL = YES;
				CLANG_CXX_LANGUAGE_STANDARD = "gnu++0x";
				CLANG_CXX_LIBRARY = "libc++";
				CLANG_ENABLE_MODULES = YES;
				CLANG_ENABLE_OBJC_ARC = YES;
				CLANG_WARN_BOOL_CONVERSION = YES;
				CLANG_WARN_CONSTANT_CONVERSION = YES;
				CLANG_WARN_DIRECT_OBJC_ISA_USAGE = YES_ERROR;
				CLANG_WARN_DOCUMENTATION_COMMENTS = YES;
				CLANG_WARN_EMPTY_BODY = YES;
				CLANG_WARN_ENUM_CONVERSION = YES;
				CLANG_WARN_INFINITE_RECURSION = YES;
				CLANG_WARN_INT_CONVERSION = YES;
				CLANG_WARN_OBJC_ROOT_CLASS = YES_ERROR;
				CLANG_WARN_SUSPICIOUS_MOVES = YES;
				CLANG_WARN_UNREACHABLE_CODE = YES;
				CLANG_WARN__DUPLICATE_METHOD_MATCH = YES;
				"CODE_SIGN_IDENTITY[sdk=iphoneos*]" = "iPhone Developer";
				COPY_PHASE_STRIP = NO;
				DEBUG_INFORMATION_FORMAT = "dwarf-with-dsym";
				ENABLE_NS_ASSERTIONS = NO;
				ENABLE_STRICT_OBJC_MSGSEND = YES;
				GCC_C_LANGUAGE_STANDARD = gnu99;
				GCC_NO_COMMON_BLOCKS = YES;
				GCC_WARN_64_TO_32_BIT_CONVERSION = YES;
				GCC_WARN_ABOUT_RETURN_TYPE = YES_ERROR;
				GCC_WARN_UNDECLARED_SELECTOR = YES;
				GCC_WARN_UNINITIALIZED_AUTOS = YES_AGGRESSIVE;
				GCC_WARN_UNUSED_FUNCTION = YES;
				GCC_WARN_UNUSED_VARIABLE = YES;
				IPHONEOS_DEPLOYMENT_TARGET = 10.0;
				MTL_ENABLE_DEBUG_INFO = NO;
				SDKROOT = iphoneos;
				SWIFT_OPTIMIZATION_LEVEL = "-Owholemodule";
				TARGETED_DEVICE_FAMILY = "1,2";
				VALIDATE_PRODUCT = YES;
			};
			name = Release;
		};
		F1B6B0E31DB40410006D0631 /* Debug */ = {
			isa = XCBuildConfiguration;
			buildSettings = {
				ASSETCATALOG_COMPILER_APPICON_NAME = AppIcon;
				INFOPLIST_FILE = LessnauKyleAdvancediOSProject2/Info.plist;
				LD_RUNPATH_SEARCH_PATHS = "$(inherited) @executable_path/Frameworks";
				PRODUCT_BUNDLE_IDENTIFIER = edu.umsl.LessnauKyleAdvancediOSProject2;
				PRODUCT_NAME = "$(TARGET_NAME)";
				SWIFT_VERSION = 3.0;
			};
			name = Debug;
		};
		F1B6B0E41DB40410006D0631 /* Release */ = {
			isa = XCBuildConfiguration;
			buildSettings = {
				ASSETCATALOG_COMPILER_APPICON_NAME = AppIcon;
				INFOPLIST_FILE = LessnauKyleAdvancediOSProject2/Info.plist;
				LD_RUNPATH_SEARCH_PATHS = "$(inherited) @executable_path/Frameworks";
				PRODUCT_BUNDLE_IDENTIFIER = edu.umsl.LessnauKyleAdvancediOSProject2;
				PRODUCT_NAME = "$(TARGET_NAME)";
				SWIFT_VERSION = 3.0;
			};
			name = Release;
		};
/* End XCBuildConfiguration section */

/* Begin XCConfigurationList section */
		F1B6B0CB1DB40410006D0631 /* Build configuration list for PBXProject "LessnauKyleAdvancediOSProject2" */ = {
			isa = XCConfigurationList;
			buildConfigurations = (
				F1B6B0E01DB40410006D0631 /* Debug */,
				F1B6B0E11DB40410006D0631 /* Release */,
			);
			defaultConfigurationIsVisible = 0;
			defaultConfigurationName = Release;
		};
		F1B6B0E21DB40410006D0631 /* Build configuration list for PBXNativeTarget "LessnauKyleAdvancediOSProject2" */ = {
			isa = XCConfigurationList;
			buildConfigurations = (
				F1B6B0E31DB40410006D0631 /* Debug */,
				F1B6B0E41DB40410006D0631 /* Release */,
			);
			defaultConfigurationIsVisible = 0;
			defaultConfigurationName = Release;
		};
/* End XCConfigurationList section */
	};
	rootObject = F1B6B0C81DB40410006D0631 /* Project object */;
}
